{
  "name": "yimi-schema-form",
  "version": "1.0.1",
  "lockfileVersion": 1,
  "requires": true,
  "dependencies": {
    "@babel/runtime": {
      "version": "7.12.5",
      "resolved": "https://npm.corp.kuaishou.com/@babel%2fruntime/-/runtime-7.12.5.tgz",
      "integrity": "sha1-QQ5+SHRB4bNgwpvnFdhw2bmFiC4=",
      "dev": true,
      "requires": {
        "regenerator-runtime": "^0.13.4"
      }
    },
    "@types/prop-types": {
      "version": "15.7.3",
      "resolved": "https://npm.corp.kuaishou.com/@types%2fprop-types/-/prop-types-15.7.3.tgz",
      "integrity": "sha1-KrDV2i5YFflLC51LldHl8kOrLKc=",
      "dev": true
    },
    "@types/react": {
      "version": "16.9.56",
      "resolved": "https://npm.corp.kuaishou.com/@types%2freact/-/react-16.9.56.tgz",
      "integrity": "sha1-6iWEe1PFvsBkkzCV/DZrFGLirfA=",
      "dev": true,
      "requires": {
        "@types/prop-types": "*",
        "csstype": "^3.0.2"
      }
    },
    "csstype": {
      "version": "3.0.5",
      "resolved": "https://npm.corp.kuaishou.com/csstype/-/csstype-3.0.5.tgz",
      "integrity": "sha1-f97GoopnrhhkfFFmip/5W7L6e7g=",
      "dev": true
    },
    "regenerator-runtime": {
      "version": "0.13.7",
      "resolved": "https://npm.corp.kuaishou.com/regenerator-runtime/-/regenerator-runtime-0.13.7.tgz",
      "integrity": "sha1-ysLazIoepnX+qrrriugziYrkb1U=",
      "dev": true
    }
  }
}
